
Microsoft Visual Studio Solution File, Format Version 12.00
# Visual Studio 15
Project("{FAE04EC0-301F-11D3-BF4B-00C04F79EFBC}") = "UtilityBasic", "UtilityBasic.csproj", "{FD9B5194-3580-4E32-A7EA-168F6D5542E7}"
EndProject
Global
	GlobalSection(SolutionConfigurationPlatforms) = preSolution
		Debug|Any CPU = Debug|Any CPU
		Release|Any CPU = Release|Any CPU
	EndGlobalSection
	GlobalSection(ProjectConfigurationPlatforms) = postSolution
		{FD9B5194-3580-4E32-A7EA-168F6D5542E7}.Debug|Any CPU.ActiveCfg = Debug|Any CPU
		{FD9B5194-3580-4E32-A7EA-168F6D5542E7}.Debug|Any CPU.Build.0 = Debug|Any CPU
		{FD9B5194-3580-4E32-A7EA-168F6D5542E7}.Release|Any CPU.ActiveCfg = Release|Any CPU
		{FD9B5194-3580-4E32-A7EA-168F6D5542E7}.Release|Any CPU.Build.0 = Release|Any CPU
	EndGlobalSection
EndGlobal
