
Microsoft Visual Studio Solution File, Format Version 12.00
# Visual Studio 15
Project("{FAE04EC0-301F-11D3-BF4B-00C04F79EFBC}") = "CryptoBoxerConsoleF", "CryptoBoxerConsoleF.csproj", "{2CF6398C-8035-433E-8BA5-B364A1F8DA03}"
EndProject
Project("{FAE04EC0-301F-11D3-BF4B-00C04F79EFBC}") = "CryptoBoxer", "..\CryptoBoxer\CryptoBoxer.csproj", "{65A5DB1D-E7A3-4AA9-9EC4-F85DE826A6FC}"
EndProject
Global
	GlobalSection(SolutionConfigurationPlatforms) = preSolution
		Debug|Any CPU = Debug|Any CPU
		Release|Any CPU = Release|Any CPU
	EndGlobalSection
	GlobalSection(ProjectConfigurationPlatforms) = postSolution
		{2CF6398C-8035-433E-8BA5-B364A1F8DA03}.Debug|Any CPU.ActiveCfg = Debug|Any CPU
		{2CF6398C-8035-433E-8BA5-B364A1F8DA03}.Debug|Any CPU.Build.0 = Debug|Any CPU
		{2CF6398C-8035-433E-8BA5-B364A1F8DA03}.Release|Any CPU.ActiveCfg = Release|Any CPU
		{2CF6398C-8035-433E-8BA5-B364A1F8DA03}.Release|Any CPU.Build.0 = Release|Any CPU
		{65A5DB1D-E7A3-4AA9-9EC4-F85DE826A6FC}.Debug|Any CPU.ActiveCfg = Debug|Any CPU
		{65A5DB1D-E7A3-4AA9-9EC4-F85DE826A6FC}.Debug|Any CPU.Build.0 = Debug|Any CPU
		{65A5DB1D-E7A3-4AA9-9EC4-F85DE826A6FC}.Release|Any CPU.ActiveCfg = Release|Any CPU
		{65A5DB1D-E7A3-4AA9-9EC4-F85DE826A6FC}.Release|Any CPU.Build.0 = Release|Any CPU
	EndGlobalSection
EndGlobal
